<?xml version="1.0" encoding="utf-8"?>
<Project ToolsVersion="4.0" xmlns="http://schemas.microsoft.com/developer/msbuild/2003">
  <ItemGroup>
    <Filter Include="Source Files">
      <UniqueIdentifier>{4FC737F1-C7A5-4376-A066-2A32D752A2FF}</UniqueIdentifier>
      <Extensions>cpp;c;cc;cxx;def;odl;idl;hpj;bat;asm;asmx</Extensions>
    </Filter>
    <Filter Include="Header Files">
      <UniqueIdentifier>{93995380-89BD-4b04-88EB-625FBE52EBFB}</UniqueIdentifier>
      <Extensions>h;hpp;hxx;hm;inl;inc;xsd</Extensions>
    </Filter>
    <Filter Include="Header Files\core">
      <UniqueIdentifier>{9b3e6f5e-164a-426c-8219-4a39af932a0b}</UniqueIdentifier>
    </Filter>
    <Filter Include="Source Files\core">
      <UniqueIdentifier>{475867de-8a47-4953-afe8-4185397e5249}</UniqueIdentifier>
    </Filter>
    <Filter Include="Header Files\core\components">
      <UniqueIdentifier>{9b60ba39-041b-4397-85ac-93c7b6eb1358}</UniqueIdentifier>
    </Filter>
    <Filter Include="Source Files\core\components">
      <UniqueIdentifier>{989c3563-870c-4dc8-8a26-2031ac74964d}</UniqueIdentifier>
    </Filter>
    <Filter Include="data">
      <UniqueIdentifier>{9a8eab5c-e6a3-4c95-a156-01a5ac5ffc17}</UniqueIdentifier>
    </Filter>
    <Filter Include="data\core">
      <UniqueIdentifier>{aba73293-5a09-4fed-907c-7003e999c86e}</UniqueIdentifier>
    </Filter>
    <Filter Include="data\scripts">
      <UniqueIdentifier>{b02c90af-efba-4202-949a-10a13d1e526b}</UniqueIdentifier>
    </Filter>
    <Filter Include="data\shaders">
      <UniqueIdentifier>{e0b58572-c783-410f-9543-9618657fc6a6}</UniqueIdentifier>
    </Filter>
    <Filter Include="data\shaders\deferred">
      <UniqueIdentifier>{c4d6b67c-f7ff-4189-a930-87ca9d6d3fa4}</UniqueIdentifier>
    </Filter>
    <Filter Include="data\shaders\forward">
      <UniqueIdentifier>{2f6c91ca-68d5-4cb5-8311-2d9c4b2502d9}</UniqueIdentifier>
    </Filter>
    <Filter Include="Header Files\core\resources">
      <UniqueIdentifier>{8e07c715-9640-4d65-bf05-9b1807f2b077}</UniqueIdentifier>
    </Filter>
    <Filter Include="Source Files\core\resources">
      <UniqueIdentifier>{e3742b6f-ea19-4c32-9216-7f8cfbfa59ca}</UniqueIdentifier>
    </Filter>
    <Filter Include="Header Files\core\states">
      <UniqueIdentifier>{78727d2e-a77c-4038-b6a0-1bf1a7acdab1}</UniqueIdentifier>
    </Filter>
    <Filter Include="Source Files\core\states">
      <UniqueIdentifier>{eeebb1ad-b8de-48e9-b750-91212390f5cc}</UniqueIdentifier>
    </Filter>
    <Filter Include="Source Files\systems">
      <UniqueIdentifier>{1f464951-cdd3-4769-9048-666b4dc1c8d7}</UniqueIdentifier>
    </Filter>
    <Filter Include="Header Files\systems">
      <UniqueIdentifier>{f270fc04-adad-4891-9344-aa8e4faac3ef}</UniqueIdentifier>
    </Filter>
    <Filter Include="Source Files\systems\renderer">
      <UniqueIdentifier>{61a6101e-d7c7-4d16-80d9-7f0d9513643c}</UniqueIdentifier>
    </Filter>
    <Filter Include="Header Files\systems\renderer">
      <UniqueIdentifier>{ba04291d-25f0-44de-b9fe-47e30814cae7}</UniqueIdentifier>
    </Filter>
    <Filter Include="Header Files\components">
      <UniqueIdentifier>{21dfc8a8-62e3-474b-9221-d3980c0334ed}</UniqueIdentifier>
    </Filter>
    <Filter Include="Source Files\components">
      <UniqueIdentifier>{19ee8d89-4162-4571-9157-255ebe4a169b}</UniqueIdentifier>
    </Filter>
  </ItemGroup>
  <ItemGroup>
    <ClCompile Include="src\Game.cpp">
      <Filter>Source Files</Filter>
    </ClCompile>
    <ClCompile Include="src\main.cpp">
      <Filter>Source Files</Filter>
    </ClCompile>
    <ClCompile Include="src\core\components\CTransform.cpp">
      <Filter>Source Files\core\components</Filter>
    </ClCompile>
    <ClCompile Include="src\core\Component.cpp">
      <Filter>Source Files\core</Filter>
    </ClCompile>
    <ClCompile Include="src\core\Engine.cpp">
      <Filter>Source Files\core</Filter>
    </ClCompile>
    <ClCompile Include="src\core\Entity.cpp">
      <Filter>Source Files\core</Filter>
    </ClCompile>
    <ClCompile Include="src\core\Input.cpp">
      <Filter>Source Files\core</Filter>
    </ClCompile>
    <ClCompile Include="src\core\Logger.cpp">
      <Filter>Source Files\core</Filter>
    </ClCompile>
    <ClCompile Include="src\core\Config.cpp">
      <Filter>Source Files\core</Filter>
    </ClCompile>
    <ClCompile Include="src\core\Keyboard.cpp">
      <Filter>Source Files\core</Filter>
    </ClCompile>
    <ClCompile Include="src\core\Identifier.cpp">
      <Filter>Source Files\core</Filter>
    </ClCompile>
    <ClCompile Include="src\core\resources\Skybox.cpp">
      <Filter>Source Files\core\resources</Filter>
    </ClCompile>
    <ClCompile Include="src\core\resources\Texture.cpp">
      <Filter>Source Files\core\resources</Filter>
    </ClCompile>
    <ClCompile Include="src\core\resources\DirectionalLight.cpp">
      <Filter>Source Files\core\resources</Filter>
    </ClCompile>
    <ClCompile Include="src\core\resources\Model.cpp">
      <Filter>Source Files\core\resources</Filter>
    </ClCompile>
    <ClCompile Include="src\core\resources\PointLight.cpp">
      <Filter>Source Files\core\resources</Filter>
    </ClCompile>
    <ClCompile Include="src\core\Camera.cpp">
      <Filter>Source Files\core</Filter>
    </ClCompile>
    <ClCompile Include="src\core\Pipeline.cpp">
      <Filter>Source Files\core</Filter>
    </ClCompile>
    <ClCompile Include="src\core\states\SplashState.cpp">
      <Filter>Source Files\core\states</Filter>
    </ClCompile>
    <ClCompile Include="src\core\TextureLoader.cpp">
      <Filter>Source Files\core</Filter>
    </ClCompile>
    <ClCompile Include="src\core\ModelLoader.cpp">
      <Filter>Source Files\core</Filter>
    </ClCompile>
    <ClCompile Include="src\core\ResourceManager.cpp">
      <Filter>Source Files\core</Filter>
    </ClCompile>
    <ClCompile Include="src\core\State.cpp">
      <Filter>Source Files\core</Filter>
    </ClCompile>
    <ClCompile Include="src\core\StateManager.cpp">
      <Filter>Source Files\core</Filter>
    </ClCompile>
    <ClCompile Include="src\core\System.cpp">
      <Filter>Source Files\core</Filter>
    </ClCompile>
    <ClCompile Include="src\systems\SGraphics.cpp">
      <Filter>Source Files\systems</Filter>
    </ClCompile>
    <ClCompile Include="src\systems\renderer\PointLightPass.cpp">
      <Filter>Source Files\systems\renderer</Filter>
    </ClCompile>
    <ClCompile Include="src\systems\renderer\StencilPass.cpp">
      <Filter>Source Files\systems\renderer</Filter>
    </ClCompile>
    <ClCompile Include="src\systems\renderer\DeferredPass.cpp">
      <Filter>Source Files\systems\renderer</Filter>
    </ClCompile>
    <ClCompile Include="src\systems\renderer\DeferredRenderer.cpp">
      <Filter>Source Files\systems\renderer</Filter>
    </ClCompile>
    <ClCompile Include="src\systems\renderer\DirectionalLightPass.cpp">
      <Filter>Source Files\systems\renderer</Filter>
    </ClCompile>
    <ClCompile Include="src\systems\renderer\GeometryPass.cpp">
      <Filter>Source Files\systems\renderer</Filter>
    </ClCompile>
    <ClCompile Include="src\core\resources\Shader.cpp">
      <Filter>Source Files\core\resources</Filter>
    </ClCompile>
    <ClCompile Include="src\components\CGraphics.cpp">
      <Filter>Source Files\components</Filter>
    </ClCompile>
    <ClCompile Include="src\core\EventManager.cpp">
      <Filter>Source Files\core</Filter>
    </ClCompile>
  </ItemGroup>
  <ItemGroup>
    <ClInclude Include="src\Game.h">
      <Filter>Header Files</Filter>
    </ClInclude>
    <ClInclude Include="src\core\components\CTransform.h">
      <Filter>Header Files\core\components</Filter>
    </ClInclude>
    <ClInclude Include="src\core\Entity.h">
      <Filter>Header Files\core</Filter>
    </ClInclude>
    <ClInclude Include="src\core\Input.h">
      <Filter>Header Files\core</Filter>
    </ClInclude>
    <ClInclude Include="src\core\Logger.h">
      <Filter>Header Files\core</Filter>
    </ClInclude>
    <ClInclude Include="src\core\Component.h">
      <Filter>Header Files\core</Filter>
    </ClInclude>
    <ClInclude Include="src\core\Engine.h">
      <Filter>Header Files\core</Filter>
    </ClInclude>
    <ClInclude Include="src\core\Config.h">
      <Filter>Header Files\core</Filter>
    </ClInclude>
    <ClInclude Include="src\core\Identifier.h">
      <Filter>Header Files\core</Filter>
    </ClInclude>
    <ClInclude Include="src\core\Keyboard.h">
      <Filter>Header Files\core</Filter>
    </ClInclude>
    <ClInclude Include="src\core\resources\Skybox.h">
      <Filter>Header Files\core\resources</Filter>
    </ClInclude>
    <ClInclude Include="src\core\resources\Texture.h">
      <Filter>Header Files\core\resources</Filter>
    </ClInclude>
    <ClInclude Include="src\core\resources\DirectionalLight.h">
      <Filter>Header Files\core\resources</Filter>
    </ClInclude>
    <ClInclude Include="src\core\resources\Mesh.h">
      <Filter>Header Files\core\resources</Filter>
    </ClInclude>
    <ClInclude Include="src\core\resources\Model.h">
      <Filter>Header Files\core\resources</Filter>
    </ClInclude>
    <ClInclude Include="src\core\resources\PointLight.h">
      <Filter>Header Files\core\resources</Filter>
    </ClInclude>
    <ClInclude Include="src\core\Camera.h">
      <Filter>Header Files\core</Filter>
    </ClInclude>
    <ClInclude Include="src\core\Pipeline.h">
      <Filter>Header Files\core</Filter>
    </ClInclude>
    <ClInclude Include="src\core\Resource.h">
      <Filter>Header Files\core</Filter>
    </ClInclude>
    <ClInclude Include="src\core\states\SplashState.h">
      <Filter>Header Files\core\states</Filter>
    </ClInclude>
    <ClInclude Include="src\core\ModelLoader.h">
      <Filter>Header Files\core</Filter>
    </ClInclude>
    <ClInclude Include="src\core\ResourceManager.h">
      <Filter>Header Files\core</Filter>
    </ClInclude>
    <ClInclude Include="src\core\State.h">
      <Filter>Header Files\core</Filter>
    </ClInclude>
    <ClInclude Include="src\core\StateManager.h">
      <Filter>Header Files\core</Filter>
    </ClInclude>
    <ClInclude Include="src\core\System.h">
      <Filter>Header Files\core</Filter>
    </ClInclude>
    <ClInclude Include="src\core\TextureLoader.h">
      <Filter>Header Files\core</Filter>
    </ClInclude>
    <ClInclude Include="src\systems\SGraphics.h">
      <Filter>Header Files\systems</Filter>
    </ClInclude>
    <ClInclude Include="src\systems\renderer\PointLightPass.h">
      <Filter>Header Files\systems\renderer</Filter>
    </ClInclude>
    <ClInclude Include="src\systems\renderer\StencilPass.h">
      <Filter>Header Files\systems\renderer</Filter>
    </ClInclude>
    <ClInclude Include="src\systems\renderer\DeferredPass.h">
      <Filter>Header Files\systems\renderer</Filter>
    </ClInclude>
    <ClInclude Include="src\systems\renderer\DeferredRenderer.h">
      <Filter>Header Files\systems\renderer</Filter>
    </ClInclude>
    <ClInclude Include="src\systems\renderer\DirectionalLightPass.h">
      <Filter>Header Files\systems\renderer</Filter>
    </ClInclude>
    <ClInclude Include="src\systems\renderer\GeometryPass.h">
      <Filter>Header Files\systems\renderer</Filter>
    </ClInclude>
    <ClInclude Include="src\core\resources\Shader.h">
      <Filter>Header Files\core\resources</Filter>
    </ClInclude>
    <ClInclude Include="src\components\CGraphics.h">
      <Filter>Header Files\components</Filter>
    </ClInclude>
    <ClInclude Include="src\core\EventManager.h">
      <Filter>Header Files\core</Filter>
    </ClInclude>
  </ItemGroup>
  <ItemGroup>
    <None Include="data\core\base.cfg">
      <Filter>data\core</Filter>
    </None>
    <None Include="data\shaders\skybox.fs.glsl">
      <Filter>data\shaders</Filter>
    </None>
    <None Include="data\shaders\skybox.vs.glsl">
      <Filter>data\shaders</Filter>
    </None>
    <None Include="data\shaders\forward\forward.vs.glsl">
      <Filter>data\shaders\forward</Filter>
    </None>
    <None Include="data\shaders\forward\forward.fs.glsl">
      <Filter>data\shaders\forward</Filter>
    </None>
    <None Include="data\shaders\deferred\point_light_pass.fs.glsl">
      <Filter>data\shaders\deferred</Filter>
    </None>
    <None Include="data\shaders\deferred\point_light_pass.vs.glsl">
      <Filter>data\shaders\deferred</Filter>
    </None>
    <None Include="data\shaders\deferred\stencil.fs.glsl">
      <Filter>data\shaders\deferred</Filter>
    </None>
    <None Include="data\shaders\deferred\stencil.vs.glsl">
      <Filter>data\shaders\deferred</Filter>
    </None>
    <None Include="data\shaders\deferred\directional_light_pass.fs.glsl">
      <Filter>data\shaders\deferred</Filter>
    </None>
    <None Include="data\shaders\deferred\directional_light_pass.vs.glsl">
      <Filter>data\shaders\deferred</Filter>
    </None>
    <None Include="data\shaders\deferred\geometry_pass.fs.glsl">
      <Filter>data\shaders\deferred</Filter>
    </None>
    <None Include="data\shaders\deferred\geometry_pass.vs.glsl">
      <Filter>data\shaders\deferred</Filter>
    </None>
    <None Include="data\scripts\init.lua">
      <Filter>data\scripts</Filter>
    </None>
    <None Include="data\scripts\ent.lua">
      <Filter>data\scripts</Filter>
    </None>
    <None Include="data\scripts\camera.lua">
      <Filter>data\scripts</Filter>
    </None>
  </ItemGroup>
</Project>